
Microsoft Visual Studio Solution File, Format Version 12.00
# Visual Studio Version 17
VisualStudioVersion = 17.6.33815.320
MinimumVisualStudioVersion = 10.0.40219.1
Project("{FAE04EC0-301F-11D3-BF4B-00C04F79EFBC}") = "Atelier", "Atelier\Atelier.csproj", "{8E17691E-9316-4A42-885E-7FF43C242EEE}"
EndProject
Global
	GlobalSection(SolutionConfigurationPlatforms) = preSolution
		Debug|Any CPU = Debug|Any CPU
		Release|Any CPU = Release|Any CPU
	EndGlobalSection
	GlobalSection(ProjectConfigurationPlatforms) = postSolution
		{8E17691E-9316-4A42-885E-7FF43C242EEE}.Debug|Any CPU.ActiveCfg = Debug|Any CPU
		{8E17691E-9316-4A42-885E-7FF43C242EEE}.Debug|Any CPU.Build.0 = Debug|Any CPU
		{8E17691E-9316-4A42-885E-7FF43C242EEE}.Release|Any CPU.ActiveCfg = Release|Any CPU
		{8E17691E-9316-4A42-885E-7FF43C242EEE}.Release|Any CPU.Build.0 = Release|Any CPU
	EndGlobalSection
	GlobalSection(SolutionProperties) = preSolution
		HideSolutionNode = FALSE
	EndGlobalSection
	GlobalSection(ExtensibilityGlobals) = postSolution
		SolutionGuid = {3391B6EB-1EFE-4724-BE36-9E37591106BD}
	EndGlobalSection
EndGlobal
